# This file is automatically @generated by Cargo.
# It is not intended for manual editing.
version = 4

[[package]]
name = "cidr"
version = "0.3.0"
source = "registry+https://github.com/rust-lang/crates.io-index"
checksum = "bfc95a0c21d5409adc146dbbb152b5c65aaea32bc2d2f57cf12f850bffdd7ab8"

[[package]]
name = "hoster"
version = "0.1.0"
dependencies = [
 "cidr",
 "libc",
]

[[package]]
name = "libc"
version = "0.2.168"
source = "registry+https://github.com/rust-lang/crates.io-index"
checksum = "5aaeb2981e0606ca11d79718f8bb01164f1d6ed75080182d3abf017e6d244b6d"
